
Microsoft Visual Studio Solution File, Format Version 12.00
# Visual Studio Version 17
VisualStudioVersion = 17.7.34031.279
MinimumVisualStudioVersion = 10.0.40219.1
Project("{FAE04EC0-301F-11D3-BF4B-00C04F79EFBC}") = "loteriaxd", "loteriaxd\loteriaxd.csproj", "{793321B2-2CE3-4F78-B77A-F8C119A9EB03}"
EndProject
Global
	GlobalSection(SolutionConfigurationPlatforms) = preSolution
		Debug|Any CPU = Debug|Any CPU
		Release|Any CPU = Release|Any CPU
	EndGlobalSection
	GlobalSection(ProjectConfigurationPlatforms) = postSolution
		{793321B2-2CE3-4F78-B77A-F8C119A9EB03}.Debug|Any CPU.ActiveCfg = Debug|Any CPU
		{793321B2-2CE3-4F78-B77A-F8C119A9EB03}.Debug|Any CPU.Build.0 = Debug|Any CPU
		{793321B2-2CE3-4F78-B77A-F8C119A9EB03}.Release|Any CPU.ActiveCfg = Release|Any CPU
		{793321B2-2CE3-4F78-B77A-F8C119A9EB03}.Release|Any CPU.Build.0 = Release|Any CPU
	EndGlobalSection
	GlobalSection(SolutionProperties) = preSolution
		HideSolutionNode = FALSE
	EndGlobalSection
	GlobalSection(ExtensibilityGlobals) = postSolution
		SolutionGuid = {5CA1BF60-81C3-415E-BAAF-5E487C8DDA29}
	EndGlobalSection
EndGlobal
